
Microsoft Visual Studio Solution File, Format Version 12.00
# Visual Studio 15
Project("{FAE04EC0-301F-11D3-BF4B-00C04F79EFBC}") = "XamarinFormsBenchmark.Android", "XamarinFormsBenchmark.Android\XamarinFormsBenchmark.Android.csproj", "{10097EAD-94EF-471C-94E8-45BA71F899C2}"
EndProject
Project("{FAE04EC0-301F-11D3-BF4B-00C04F79EFBC}") = "XamarinFormsBenchmark.iOS", "XamarinFormsBenchmark.iOS\XamarinFormsBenchmark.iOS.csproj", "{B71FD8BB-EB58-4862-9A1D-DF9510BC27FB}"
EndProject
Project("{FAE04EC0-301F-11D3-BF4B-00C04F79EFBC}") = "XamarinFormsBenchmark", "XamarinFormsBenchmark\XamarinFormsBenchmark.csproj", "{A16B1266-211F-4EA8-8329-2EE2D71B2B60}"
EndProject
Global
	GlobalSection(SolutionConfigurationPlatforms) = preSolution
		Debug|Any CPU = Debug|Any CPU
		Release|Any CPU = Release|Any CPU
		Debug|iPhoneSimulator = Debug|iPhoneSimulator
		Release|iPhoneSimulator = Release|iPhoneSimulator
		Debug|iPhone = Debug|iPhone
		Release|iPhone = Release|iPhone
	EndGlobalSection
	GlobalSection(ProjectConfigurationPlatforms) = postSolution
		{10097EAD-94EF-471C-94E8-45BA71F899C2}.Debug|Any CPU.ActiveCfg = Debug|Any CPU
		{10097EAD-94EF-471C-94E8-45BA71F899C2}.Debug|Any CPU.Build.0 = Debug|Any CPU
		{10097EAD-94EF-471C-94E8-45BA71F899C2}.Release|Any CPU.ActiveCfg = Release|Any CPU
		{10097EAD-94EF-471C-94E8-45BA71F899C2}.Release|Any CPU.Build.0 = Release|Any CPU
		{10097EAD-94EF-471C-94E8-45BA71F899C2}.Debug|iPhoneSimulator.ActiveCfg = Debug|Any CPU
		{10097EAD-94EF-471C-94E8-45BA71F899C2}.Debug|iPhoneSimulator.Build.0 = Debug|Any CPU
		{10097EAD-94EF-471C-94E8-45BA71F899C2}.Release|iPhoneSimulator.ActiveCfg = Release|Any CPU
		{10097EAD-94EF-471C-94E8-45BA71F899C2}.Release|iPhoneSimulator.Build.0 = Release|Any CPU
		{10097EAD-94EF-471C-94E8-45BA71F899C2}.Debug|iPhone.ActiveCfg = Debug|Any CPU
		{10097EAD-94EF-471C-94E8-45BA71F899C2}.Debug|iPhone.Build.0 = Debug|Any CPU
		{10097EAD-94EF-471C-94E8-45BA71F899C2}.Release|iPhone.ActiveCfg = Release|Any CPU
		{10097EAD-94EF-471C-94E8-45BA71F899C2}.Release|iPhone.Build.0 = Release|Any CPU
		{B71FD8BB-EB58-4862-9A1D-DF9510BC27FB}.Debug|Any CPU.ActiveCfg = Debug|iPhoneSimulator
		{B71FD8BB-EB58-4862-9A1D-DF9510BC27FB}.Debug|Any CPU.Build.0 = Debug|iPhoneSimulator
		{B71FD8BB-EB58-4862-9A1D-DF9510BC27FB}.Release|Any CPU.ActiveCfg = Release|iPhoneSimulator
		{B71FD8BB-EB58-4862-9A1D-DF9510BC27FB}.Release|Any CPU.Build.0 = Release|iPhoneSimulator
		{B71FD8BB-EB58-4862-9A1D-DF9510BC27FB}.Debug|iPhoneSimulator.ActiveCfg = Debug|iPhoneSimulator
		{B71FD8BB-EB58-4862-9A1D-DF9510BC27FB}.Debug|iPhoneSimulator.Build.0 = Debug|iPhoneSimulator
		{B71FD8BB-EB58-4862-9A1D-DF9510BC27FB}.Release|iPhoneSimulator.ActiveCfg = Release|iPhoneSimulator
		{B71FD8BB-EB58-4862-9A1D-DF9510BC27FB}.Release|iPhoneSimulator.Build.0 = Release|iPhoneSimulator
		{B71FD8BB-EB58-4862-9A1D-DF9510BC27FB}.Debug|iPhone.ActiveCfg = Debug|iPhone
		{B71FD8BB-EB58-4862-9A1D-DF9510BC27FB}.Debug|iPhone.Build.0 = Debug|iPhone
		{B71FD8BB-EB58-4862-9A1D-DF9510BC27FB}.Release|iPhone.ActiveCfg = Release|iPhone
		{B71FD8BB-EB58-4862-9A1D-DF9510BC27FB}.Release|iPhone.Build.0 = Release|iPhone
		{A16B1266-211F-4EA8-8329-2EE2D71B2B60}.Debug|Any CPU.ActiveCfg = Debug|Any CPU
		{A16B1266-211F-4EA8-8329-2EE2D71B2B60}.Debug|Any CPU.Build.0 = Debug|Any CPU
		{A16B1266-211F-4EA8-8329-2EE2D71B2B60}.Release|Any CPU.ActiveCfg = Release|Any CPU
		{A16B1266-211F-4EA8-8329-2EE2D71B2B60}.Release|Any CPU.Build.0 = Release|Any CPU
		{A16B1266-211F-4EA8-8329-2EE2D71B2B60}.Debug|iPhoneSimulator.ActiveCfg = Debug|Any CPU
		{A16B1266-211F-4EA8-8329-2EE2D71B2B60}.Debug|iPhoneSimulator.Build.0 = Debug|Any CPU
		{A16B1266-211F-4EA8-8329-2EE2D71B2B60}.Release|iPhoneSimulator.ActiveCfg = Release|Any CPU
		{A16B1266-211F-4EA8-8329-2EE2D71B2B60}.Release|iPhoneSimulator.Build.0 = Release|Any CPU
		{A16B1266-211F-4EA8-8329-2EE2D71B2B60}.Debug|iPhone.ActiveCfg = Debug|Any CPU
		{A16B1266-211F-4EA8-8329-2EE2D71B2B60}.Debug|iPhone.Build.0 = Debug|Any CPU
		{A16B1266-211F-4EA8-8329-2EE2D71B2B60}.Release|iPhone.ActiveCfg = Release|Any CPU
		{A16B1266-211F-4EA8-8329-2EE2D71B2B60}.Release|iPhone.Build.0 = Release|Any CPU
	EndGlobalSection
EndGlobal
